
Microsoft Visual Studio Solution File, Format Version 12.00
# Visual Studio 15
Project("{FAE04EC0-301F-11D3-BF4B-00C04F79EFBC}") = "Oculus.Platform", "Oculus.Platform.csproj", "{EBEFBD88-8F25-1C6B-3748-67A72E258026}"
EndProject
Project("{FAE04EC0-301F-11D3-BF4B-00C04F79EFBC}") = "Assembly-CSharp", "Assembly-CSharp.csproj", "{FDF04EBF-96ED-9FC7-40B4-E1B5E149D899}"
EndProject
Project("{FAE04EC0-301F-11D3-BF4B-00C04F79EFBC}") = "Meta.WitAi", "Meta.WitAi.csproj", "{F2F4FA2E-1FE1-2F54-71A9-9738B6F9438C}"
EndProject
Project("{FAE04EC0-301F-11D3-BF4B-00C04F79EFBC}") = "Oculus.Spatializer", "Oculus.Spatializer.csproj", "{FD494872-8982-9719-0F0E-B83D60BBF2E7}"
EndProject
Project("{FAE04EC0-301F-11D3-BF4B-00C04F79EFBC}") = "Oculus.Interaction", "Oculus.Interaction.csproj", "{73575305-DD08-2972-C363-1D6E2F1EE72E}"
EndProject
Project("{FAE04EC0-301F-11D3-BF4B-00C04F79EFBC}") = "Oculus.Interaction.OVR.Samples", "Oculus.Interaction.OVR.Samples.csproj", "{89FFBD10-FB42-81DB-839A-CCA47EBFBC55}"
EndProject
Project("{FAE04EC0-301F-11D3-BF4B-00C04F79EFBC}") = "Oculus.VR", "Oculus.VR.csproj", "{3E025817-7452-F6E7-49B2-FBC37D48AD25}"
EndProject
Project("{FAE04EC0-301F-11D3-BF4B-00C04F79EFBC}") = "VoiceSDK.Dictation.Runtime", "VoiceSDK.Dictation.Runtime.csproj", "{7E3A7AE0-C194-0C50-7D21-BA747A68A109}"
EndProject
Project("{FAE04EC0-301F-11D3-BF4B-00C04F79EFBC}") = "Meta.WitAi.TTS", "Meta.WitAi.TTS.csproj", "{401BE5E1-C95C-2941-E238-33996BB6FA17}"
EndProject
Project("{FAE04EC0-301F-11D3-BF4B-00C04F79EFBC}") = "Meta.WitAi.Lib", "Meta.WitAi.Lib.csproj", "{A2094A7F-E375-D292-DFEA-69271719EA77}"
EndProject
Project("{FAE04EC0-301F-11D3-BF4B-00C04F79EFBC}") = "Oculus.AudioManager", "Oculus.AudioManager.csproj", "{559B657B-981C-1719-C70E-55AECD622F8F}"
EndProject
Project("{FAE04EC0-301F-11D3-BF4B-00C04F79EFBC}") = "VoiceSDK.Runtime", "VoiceSDK.Runtime.csproj", "{FE4BA15C-0BCE-FD56-B6D0-E181274EB388}"
EndProject
Project("{FAE04EC0-301F-11D3-BF4B-00C04F79EFBC}") = "Facebook.Wit.Dictation", "Facebook.Wit.Dictation.csproj", "{A371DB0B-5473-34B8-607A-CA4ADD25200A}"
EndProject
Project("{FAE04EC0-301F-11D3-BF4B-00C04F79EFBC}") = "Meta.WitAi.TTS.Samples", "Meta.WitAi.TTS.Samples.csproj", "{1337AB93-46DF-765D-08C2-B81ACD4B4533}"
EndProject
Project("{FAE04EC0-301F-11D3-BF4B-00C04F79EFBC}") = "Oculus.Voice.Demo", "Oculus.Voice.Demo.csproj", "{D32FA778-D2DA-2B43-87F8-7C2A034445D0}"
EndProject
Project("{FAE04EC0-301F-11D3-BF4B-00C04F79EFBC}") = "Oculus.Interaction.OVR", "Oculus.Interaction.OVR.csproj", "{7AE1AE87-458E-E2F2-842D-53DEE2D9F42B}"
EndProject
Project("{FAE04EC0-301F-11D3-BF4B-00C04F79EFBC}") = "AssistantCoreSDKRuntime", "AssistantCoreSDKRuntime.csproj", "{FB25E5C0-D503-3782-4A8D-0410D8604043}"
EndProject
Project("{FAE04EC0-301F-11D3-BF4B-00C04F79EFBC}") = "Meta.WitAi.Conduit", "Meta.WitAi.Conduit.csproj", "{5D22D197-337F-31FD-7198-ED0454F30BD3}"
EndProject
Project("{FAE04EC0-301F-11D3-BF4B-00C04F79EFBC}") = "Oculus.LipSync", "Oculus.LipSync.csproj", "{8249F5DF-C5FF-BCF2-98C2-DA874F880C8B}"
EndProject
Project("{FAE04EC0-301F-11D3-BF4B-00C04F79EFBC}") = "Meta.VoiceSDK.Mic.Other", "Meta.VoiceSDK.Mic.Other.csproj", "{00922491-27CE-D2EB-E2C1-4C1A185FB43E}"
EndProject
Project("{FAE04EC0-301F-11D3-BF4B-00C04F79EFBC}") = "Meta.VoiceSDK.Mic.Common", "Meta.VoiceSDK.Mic.Common.csproj", "{6B1C9533-2175-9CC6-17CF-1321382751EB}"
EndProject
Project("{FAE04EC0-301F-11D3-BF4B-00C04F79EFBC}") = "Meta.VoiceSDK.Mic.WebGL", "Meta.VoiceSDK.Mic.WebGL.csproj", "{72C7CA4C-608C-215F-2A8D-C3B9CD5FBEB3}"
EndProject
Project("{FAE04EC0-301F-11D3-BF4B-00C04F79EFBC}") = "Meta.WitAi.Editor", "Meta.WitAi.Editor.csproj", "{8C3D33D9-C2C8-6173-D5DB-FEF4E7993D70}"
EndProject
Project("{FAE04EC0-301F-11D3-BF4B-00C04F79EFBC}") = "Oculus.Interaction.Editor", "Oculus.Interaction.Editor.csproj", "{BFF3793D-34FD-12C9-13A8-26E6B42AA215}"
EndProject
Project("{FAE04EC0-301F-11D3-BF4B-00C04F79EFBC}") = "Meta.WitAI.Lib.Editor", "Meta.WitAI.Lib.Editor.csproj", "{53A9806E-0084-9CA9-AEDF-3725958E6C7D}"
EndProject
Project("{FAE04EC0-301F-11D3-BF4B-00C04F79EFBC}") = "Oculus.VR.Editor", "Oculus.VR.Editor.csproj", "{3696B137-9804-892A-1CE8-EE24D13EE9F6}"
EndProject
Project("{FAE04EC0-301F-11D3-BF4B-00C04F79EFBC}") = "Meryel.CodeAssist.Editor", "Meryel.CodeAssist.Editor.csproj", "{4888282B-0A64-E01C-113A-0EDF5F4BF8A9}"
EndProject
Project("{FAE04EC0-301F-11D3-BF4B-00C04F79EFBC}") = "Meta.WitAi.Conduit.Editor", "Meta.WitAi.Conduit.Editor.csproj", "{36EEFEAE-32C4-1919-865A-EFB1AC8F8DDC}"
EndProject
Project("{FAE04EC0-301F-11D3-BF4B-00C04F79EFBC}") = "Oculus.Interaction.OVR.Editor", "Oculus.Interaction.OVR.Editor.csproj", "{40697101-DC06-BFE9-F2D3-E7F389754E39}"
EndProject
Project("{FAE04EC0-301F-11D3-BF4B-00C04F79EFBC}") = "Assembly-CSharp-Editor", "Assembly-CSharp-Editor.csproj", "{1FA900EC-68B1-460D-0A8F-4232337CBAA6}"
EndProject
Project("{FAE04EC0-301F-11D3-BF4B-00C04F79EFBC}") = "Oculus.Interaction.Samples.Editor", "Oculus.Interaction.Samples.Editor.csproj", "{93413AF5-DF59-3A78-33FA-45A1D624D51F}"
EndProject
Project("{FAE04EC0-301F-11D3-BF4B-00C04F79EFBC}") = "Oculus.VR.Scripts.Editor", "Oculus.VR.Scripts.Editor.csproj", "{68DA71A9-6860-5CC9-6C32-B06536B8A7FF}"
EndProject
Project("{FAE04EC0-301F-11D3-BF4B-00C04F79EFBC}") = "VoiceSDK.Editor", "VoiceSDK.Editor.csproj", "{EAA0BEC7-879E-9744-6599-BD5DFAC8D579}"
EndProject
Project("{FAE04EC0-301F-11D3-BF4B-00C04F79EFBC}") = "Oculus.Spatializer.Editor", "Oculus.Spatializer.Editor.csproj", "{27C44415-3CD1-C35F-2DEA-A63A906CD7DC}"
EndProject
Project("{FAE04EC0-301F-11D3-BF4B-00C04F79EFBC}") = "Meta.WitAi.TTS.Editor", "Meta.WitAi.TTS.Editor.csproj", "{73201373-4DE5-3ABB-598E-7255F123E4A5}"
EndProject
Project("{FAE04EC0-301F-11D3-BF4B-00C04F79EFBC}") = "Facebook.Wit.Dictation.Editor", "Facebook.Wit.Dictation.Editor.csproj", "{BAA9C39E-04E1-5334-8F64-840069FD1779}"
EndProject
Project("{FAE04EC0-301F-11D3-BF4B-00C04F79EFBC}") = "VoiceSDK.Dictation.Editor", "VoiceSDK.Dictation.Editor.csproj", "{80305F64-8A18-F700-B431-97AA0C331719}"
EndProject
Project("{FAE04EC0-301F-11D3-BF4B-00C04F79EFBC}") = "Oculus.Platform.Editor", "Oculus.Platform.Editor.csproj", "{3ECC8D7C-A7D9-A925-4A9A-1F078E3EDC89}"
EndProject
Project("{FAE04EC0-301F-11D3-BF4B-00C04F79EFBC}") = "Oculus.AudioManager.Audio.Editor", "Oculus.AudioManager.Audio.Editor.csproj", "{89144B83-04E2-9406-FA25-9489BBBE33BF}"
EndProject
Project("{FAE04EC0-301F-11D3-BF4B-00C04F79EFBC}") = "Oculus.Interaction.InterfaceSupport", "Oculus.Interaction.InterfaceSupport.csproj", "{787CD476-06A5-E451-B689-C604CD69281D}"
EndProject
Project("{FAE04EC0-301F-11D3-BF4B-00C04F79EFBC}") = "Oculus.LipSync.Editor", "Oculus.LipSync.Editor.csproj", "{940AEAA8-FDA4-EE70-0EA8-40944EE6818D}"
EndProject
Project("{FAE04EC0-301F-11D3-BF4B-00C04F79EFBC}") = "AssistantCoreSDKEditor", "AssistantCoreSDKEditor.csproj", "{E3D0A2A4-C5CD-6653-C146-4B7128C82A57}"
EndProject
Project("{FAE04EC0-301F-11D3-BF4B-00C04F79EFBC}") = "Oculus.AudioManager.Utils.Editor", "Oculus.AudioManager.Utils.Editor.csproj", "{F1BCBB55-C0E8-E5BB-CAFA-3FBDA4B5ADD5}"
EndProject
Global
	GlobalSection(SolutionConfigurationPlatforms) = preSolution
		Debug|Any CPU = Debug|Any CPU
		Release|Any CPU = Release|Any CPU
	EndGlobalSection
	GlobalSection(ProjectConfigurationPlatforms) = postSolution
		{EBEFBD88-8F25-1C6B-3748-67A72E258026}.Debug|Any CPU.ActiveCfg = Debug|Any CPU
		{EBEFBD88-8F25-1C6B-3748-67A72E258026}.Debug|Any CPU.Build.0 = Debug|Any CPU
		{EBEFBD88-8F25-1C6B-3748-67A72E258026}.Release|Any CPU.ActiveCfg = Release|Any CPU
		{EBEFBD88-8F25-1C6B-3748-67A72E258026}.Release|Any CPU.Build.0 = Release|Any CPU
		{FDF04EBF-96ED-9FC7-40B4-E1B5E149D899}.Debug|Any CPU.ActiveCfg = Debug|Any CPU
		{FDF04EBF-96ED-9FC7-40B4-E1B5E149D899}.Debug|Any CPU.Build.0 = Debug|Any CPU
		{FDF04EBF-96ED-9FC7-40B4-E1B5E149D899}.Release|Any CPU.ActiveCfg = Release|Any CPU
		{FDF04EBF-96ED-9FC7-40B4-E1B5E149D899}.Release|Any CPU.Build.0 = Release|Any CPU
		{F2F4FA2E-1FE1-2F54-71A9-9738B6F9438C}.Debug|Any CPU.ActiveCfg = Debug|Any CPU
		{F2F4FA2E-1FE1-2F54-71A9-9738B6F9438C}.Debug|Any CPU.Build.0 = Debug|Any CPU
		{F2F4FA2E-1FE1-2F54-71A9-9738B6F9438C}.Release|Any CPU.ActiveCfg = Release|Any CPU
		{F2F4FA2E-1FE1-2F54-71A9-9738B6F9438C}.Release|Any CPU.Build.0 = Release|Any CPU
		{FD494872-8982-9719-0F0E-B83D60BBF2E7}.Debug|Any CPU.ActiveCfg = Debug|Any CPU
		{FD494872-8982-9719-0F0E-B83D60BBF2E7}.Debug|Any CPU.Build.0 = Debug|Any CPU
		{FD494872-8982-9719-0F0E-B83D60BBF2E7}.Release|Any CPU.ActiveCfg = Release|Any CPU
		{FD494872-8982-9719-0F0E-B83D60BBF2E7}.Release|Any CPU.Build.0 = Release|Any CPU
		{73575305-DD08-2972-C363-1D6E2F1EE72E}.Debug|Any CPU.ActiveCfg = Debug|Any CPU
		{73575305-DD08-2972-C363-1D6E2F1EE72E}.Debug|Any CPU.Build.0 = Debug|Any CPU
		{73575305-DD08-2972-C363-1D6E2F1EE72E}.Release|Any CPU.ActiveCfg = Release|Any CPU
		{73575305-DD08-2972-C363-1D6E2F1EE72E}.Release|Any CPU.Build.0 = Release|Any CPU
		{89FFBD10-FB42-81DB-839A-CCA47EBFBC55}.Debug|Any CPU.ActiveCfg = Debug|Any CPU
		{89FFBD10-FB42-81DB-839A-CCA47EBFBC55}.Debug|Any CPU.Build.0 = Debug|Any CPU
		{89FFBD10-FB42-81DB-839A-CCA47EBFBC55}.Release|Any CPU.ActiveCfg = Release|Any CPU
		{89FFBD10-FB42-81DB-839A-CCA47EBFBC55}.Release|Any CPU.Build.0 = Release|Any CPU
		{3E025817-7452-F6E7-49B2-FBC37D48AD25}.Debug|Any CPU.ActiveCfg = Debug|Any CPU
		{3E025817-7452-F6E7-49B2-FBC37D48AD25}.Debug|Any CPU.Build.0 = Debug|Any CPU
		{3E025817-7452-F6E7-49B2-FBC37D48AD25}.Release|Any CPU.ActiveCfg = Release|Any CPU
		{3E025817-7452-F6E7-49B2-FBC37D48AD25}.Release|Any CPU.Build.0 = Release|Any CPU
		{7E3A7AE0-C194-0C50-7D21-BA747A68A109}.Debug|Any CPU.ActiveCfg = Debug|Any CPU
		{7E3A7AE0-C194-0C50-7D21-BA747A68A109}.Debug|Any CPU.Build.0 = Debug|Any CPU
		{7E3A7AE0-C194-0C50-7D21-BA747A68A109}.Release|Any CPU.ActiveCfg = Release|Any CPU
		{7E3A7AE0-C194-0C50-7D21-BA747A68A109}.Release|Any CPU.Build.0 = Release|Any CPU
		{401BE5E1-C95C-2941-E238-33996BB6FA17}.Debug|Any CPU.ActiveCfg = Debug|Any CPU
		{401BE5E1-C95C-2941-E238-33996BB6FA17}.Debug|Any CPU.Build.0 = Debug|Any CPU
		{401BE5E1-C95C-2941-E238-33996BB6FA17}.Release|Any CPU.ActiveCfg = Release|Any CPU
		{401BE5E1-C95C-2941-E238-33996BB6FA17}.Release|Any CPU.Build.0 = Release|Any CPU
		{A2094A7F-E375-D292-DFEA-69271719EA77}.Debug|Any CPU.ActiveCfg = Debug|Any CPU
		{A2094A7F-E375-D292-DFEA-69271719EA77}.Debug|Any CPU.Build.0 = Debug|Any CPU
		{A2094A7F-E375-D292-DFEA-69271719EA77}.Release|Any CPU.ActiveCfg = Release|Any CPU
		{A2094A7F-E375-D292-DFEA-69271719EA77}.Release|Any CPU.Build.0 = Release|Any CPU
		{559B657B-981C-1719-C70E-55AECD622F8F}.Debug|Any CPU.ActiveCfg = Debug|Any CPU
		{559B657B-981C-1719-C70E-55AECD622F8F}.Debug|Any CPU.Build.0 = Debug|Any CPU
		{559B657B-981C-1719-C70E-55AECD622F8F}.Release|Any CPU.ActiveCfg = Release|Any CPU
		{559B657B-981C-1719-C70E-55AECD622F8F}.Release|Any CPU.Build.0 = Release|Any CPU
		{FE4BA15C-0BCE-FD56-B6D0-E181274EB388}.Debug|Any CPU.ActiveCfg = Debug|Any CPU
		{FE4BA15C-0BCE-FD56-B6D0-E181274EB388}.Debug|Any CPU.Build.0 = Debug|Any CPU
		{FE4BA15C-0BCE-FD56-B6D0-E181274EB388}.Release|Any CPU.ActiveCfg = Release|Any CPU
		{FE4BA15C-0BCE-FD56-B6D0-E181274EB388}.Release|Any CPU.Build.0 = Release|Any CPU
		{A371DB0B-5473-34B8-607A-CA4ADD25200A}.Debug|Any CPU.ActiveCfg = Debug|Any CPU
		{A371DB0B-5473-34B8-607A-CA4ADD25200A}.Debug|Any CPU.Build.0 = Debug|Any CPU
		{A371DB0B-5473-34B8-607A-CA4ADD25200A}.Release|Any CPU.ActiveCfg = Release|Any CPU
		{A371DB0B-5473-34B8-607A-CA4ADD25200A}.Release|Any CPU.Build.0 = Release|Any CPU
		{1337AB93-46DF-765D-08C2-B81ACD4B4533}.Debug|Any CPU.ActiveCfg = Debug|Any CPU
		{1337AB93-46DF-765D-08C2-B81ACD4B4533}.Debug|Any CPU.Build.0 = Debug|Any CPU
		{1337AB93-46DF-765D-08C2-B81ACD4B4533}.Release|Any CPU.ActiveCfg = Release|Any CPU
		{1337AB93-46DF-765D-08C2-B81ACD4B4533}.Release|Any CPU.Build.0 = Release|Any CPU
		{D32FA778-D2DA-2B43-87F8-7C2A034445D0}.Debug|Any CPU.ActiveCfg = Debug|Any CPU
		{D32FA778-D2DA-2B43-87F8-7C2A034445D0}.Debug|Any CPU.Build.0 = Debug|Any CPU
		{D32FA778-D2DA-2B43-87F8-7C2A034445D0}.Release|Any CPU.ActiveCfg = Release|Any CPU
		{D32FA778-D2DA-2B43-87F8-7C2A034445D0}.Release|Any CPU.Build.0 = Release|Any CPU
		{7AE1AE87-458E-E2F2-842D-53DEE2D9F42B}.Debug|Any CPU.ActiveCfg = Debug|Any CPU
		{7AE1AE87-458E-E2F2-842D-53DEE2D9F42B}.Debug|Any CPU.Build.0 = Debug|Any CPU
		{7AE1AE87-458E-E2F2-842D-53DEE2D9F42B}.Release|Any CPU.ActiveCfg = Release|Any CPU
		{7AE1AE87-458E-E2F2-842D-53DEE2D9F42B}.Release|Any CPU.Build.0 = Release|Any CPU
		{FB25E5C0-D503-3782-4A8D-0410D8604043}.Debug|Any CPU.ActiveCfg = Debug|Any CPU
		{FB25E5C0-D503-3782-4A8D-0410D8604043}.Debug|Any CPU.Build.0 = Debug|Any CPU
		{FB25E5C0-D503-3782-4A8D-0410D8604043}.Release|Any CPU.ActiveCfg = Release|Any CPU
		{FB25E5C0-D503-3782-4A8D-0410D8604043}.Release|Any CPU.Build.0 = Release|Any CPU
		{5D22D197-337F-31FD-7198-ED0454F30BD3}.Debug|Any CPU.ActiveCfg = Debug|Any CPU
		{5D22D197-337F-31FD-7198-ED0454F30BD3}.Debug|Any CPU.Build.0 = Debug|Any CPU
		{5D22D197-337F-31FD-7198-ED0454F30BD3}.Release|Any CPU.ActiveCfg = Release|Any CPU
		{5D22D197-337F-31FD-7198-ED0454F30BD3}.Release|Any CPU.Build.0 = Release|Any CPU
		{8249F5DF-C5FF-BCF2-98C2-DA874F880C8B}.Debug|Any CPU.ActiveCfg = Debug|Any CPU
		{8249F5DF-C5FF-BCF2-98C2-DA874F880C8B}.Debug|Any CPU.Build.0 = Debug|Any CPU
		{8249F5DF-C5FF-BCF2-98C2-DA874F880C8B}.Release|Any CPU.ActiveCfg = Release|Any CPU
		{8249F5DF-C5FF-BCF2-98C2-DA874F880C8B}.Release|Any CPU.Build.0 = Release|Any CPU
		{00922491-27CE-D2EB-E2C1-4C1A185FB43E}.Debug|Any CPU.ActiveCfg = Debug|Any CPU
		{00922491-27CE-D2EB-E2C1-4C1A185FB43E}.Debug|Any CPU.Build.0 = Debug|Any CPU
		{00922491-27CE-D2EB-E2C1-4C1A185FB43E}.Release|Any CPU.ActiveCfg = Release|Any CPU
		{00922491-27CE-D2EB-E2C1-4C1A185FB43E}.Release|Any CPU.Build.0 = Release|Any CPU
		{6B1C9533-2175-9CC6-17CF-1321382751EB}.Debug|Any CPU.ActiveCfg = Debug|Any CPU
		{6B1C9533-2175-9CC6-17CF-1321382751EB}.Debug|Any CPU.Build.0 = Debug|Any CPU
		{6B1C9533-2175-9CC6-17CF-1321382751EB}.Release|Any CPU.ActiveCfg = Release|Any CPU
		{6B1C9533-2175-9CC6-17CF-1321382751EB}.Release|Any CPU.Build.0 = Release|Any CPU
		{72C7CA4C-608C-215F-2A8D-C3B9CD5FBEB3}.Debug|Any CPU.ActiveCfg = Debug|Any CPU
		{72C7CA4C-608C-215F-2A8D-C3B9CD5FBEB3}.Debug|Any CPU.Build.0 = Debug|Any CPU
		{72C7CA4C-608C-215F-2A8D-C3B9CD5FBEB3}.Release|Any CPU.ActiveCfg = Release|Any CPU
		{72C7CA4C-608C-215F-2A8D-C3B9CD5FBEB3}.Release|Any CPU.Build.0 = Release|Any CPU
		{8C3D33D9-C2C8-6173-D5DB-FEF4E7993D70}.Debug|Any CPU.ActiveCfg = Debug|Any CPU
		{8C3D33D9-C2C8-6173-D5DB-FEF4E7993D70}.Debug|Any CPU.Build.0 = Debug|Any CPU
		{8C3D33D9-C2C8-6173-D5DB-FEF4E7993D70}.Release|Any CPU.ActiveCfg = Release|Any CPU
		{8C3D33D9-C2C8-6173-D5DB-FEF4E7993D70}.Release|Any CPU.Build.0 = Release|Any CPU
		{BFF3793D-34FD-12C9-13A8-26E6B42AA215}.Debug|Any CPU.ActiveCfg = Debug|Any CPU
		{BFF3793D-34FD-12C9-13A8-26E6B42AA215}.Debug|Any CPU.Build.0 = Debug|Any CPU
		{BFF3793D-34FD-12C9-13A8-26E6B42AA215}.Release|Any CPU.ActiveCfg = Release|Any CPU
		{BFF3793D-34FD-12C9-13A8-26E6B42AA215}.Release|Any CPU.Build.0 = Release|Any CPU
		{53A9806E-0084-9CA9-AEDF-3725958E6C7D}.Debug|Any CPU.ActiveCfg = Debug|Any CPU
		{53A9806E-0084-9CA9-AEDF-3725958E6C7D}.Debug|Any CPU.Build.0 = Debug|Any CPU
		{53A9806E-0084-9CA9-AEDF-3725958E6C7D}.Release|Any CPU.ActiveCfg = Release|Any CPU
		{53A9806E-0084-9CA9-AEDF-3725958E6C7D}.Release|Any CPU.Build.0 = Release|Any CPU
		{3696B137-9804-892A-1CE8-EE24D13EE9F6}.Debug|Any CPU.ActiveCfg = Debug|Any CPU
		{3696B137-9804-892A-1CE8-EE24D13EE9F6}.Debug|Any CPU.Build.0 = Debug|Any CPU
		{3696B137-9804-892A-1CE8-EE24D13EE9F6}.Release|Any CPU.ActiveCfg = Release|Any CPU
		{3696B137-9804-892A-1CE8-EE24D13EE9F6}.Release|Any CPU.Build.0 = Release|Any CPU
		{4888282B-0A64-E01C-113A-0EDF5F4BF8A9}.Debug|Any CPU.ActiveCfg = Debug|Any CPU
		{4888282B-0A64-E01C-113A-0EDF5F4BF8A9}.Debug|Any CPU.Build.0 = Debug|Any CPU
		{4888282B-0A64-E01C-113A-0EDF5F4BF8A9}.Release|Any CPU.ActiveCfg = Release|Any CPU
		{4888282B-0A64-E01C-113A-0EDF5F4BF8A9}.Release|Any CPU.Build.0 = Release|Any CPU
		{36EEFEAE-32C4-1919-865A-EFB1AC8F8DDC}.Debug|Any CPU.ActiveCfg = Debug|Any CPU
		{36EEFEAE-32C4-1919-865A-EFB1AC8F8DDC}.Debug|Any CPU.Build.0 = Debug|Any CPU
		{36EEFEAE-32C4-1919-865A-EFB1AC8F8DDC}.Release|Any CPU.ActiveCfg = Release|Any CPU
		{36EEFEAE-32C4-1919-865A-EFB1AC8F8DDC}.Release|Any CPU.Build.0 = Release|Any CPU
		{40697101-DC06-BFE9-F2D3-E7F389754E39}.Debug|Any CPU.ActiveCfg = Debug|Any CPU
		{40697101-DC06-BFE9-F2D3-E7F389754E39}.Debug|Any CPU.Build.0 = Debug|Any CPU
		{40697101-DC06-BFE9-F2D3-E7F389754E39}.Release|Any CPU.ActiveCfg = Release|Any CPU
		{40697101-DC06-BFE9-F2D3-E7F389754E39}.Release|Any CPU.Build.0 = Release|Any CPU
		{1FA900EC-68B1-460D-0A8F-4232337CBAA6}.Debug|Any CPU.ActiveCfg = Debug|Any CPU
		{1FA900EC-68B1-460D-0A8F-4232337CBAA6}.Debug|Any CPU.Build.0 = Debug|Any CPU
		{1FA900EC-68B1-460D-0A8F-4232337CBAA6}.Release|Any CPU.ActiveCfg = Release|Any CPU
		{1FA900EC-68B1-460D-0A8F-4232337CBAA6}.Release|Any CPU.Build.0 = Release|Any CPU
		{93413AF5-DF59-3A78-33FA-45A1D624D51F}.Debug|Any CPU.ActiveCfg = Debug|Any CPU
		{93413AF5-DF59-3A78-33FA-45A1D624D51F}.Debug|Any CPU.Build.0 = Debug|Any CPU
		{93413AF5-DF59-3A78-33FA-45A1D624D51F}.Release|Any CPU.ActiveCfg = Release|Any CPU
		{93413AF5-DF59-3A78-33FA-45A1D624D51F}.Release|Any CPU.Build.0 = Release|Any CPU
		{68DA71A9-6860-5CC9-6C32-B06536B8A7FF}.Debug|Any CPU.ActiveCfg = Debug|Any CPU
		{68DA71A9-6860-5CC9-6C32-B06536B8A7FF}.Debug|Any CPU.Build.0 = Debug|Any CPU
		{68DA71A9-6860-5CC9-6C32-B06536B8A7FF}.Release|Any CPU.ActiveCfg = Release|Any CPU
		{68DA71A9-6860-5CC9-6C32-B06536B8A7FF}.Release|Any CPU.Build.0 = Release|Any CPU
		{EAA0BEC7-879E-9744-6599-BD5DFAC8D579}.Debug|Any CPU.ActiveCfg = Debug|Any CPU
		{EAA0BEC7-879E-9744-6599-BD5DFAC8D579}.Debug|Any CPU.Build.0 = Debug|Any CPU
		{EAA0BEC7-879E-9744-6599-BD5DFAC8D579}.Release|Any CPU.ActiveCfg = Release|Any CPU
		{EAA0BEC7-879E-9744-6599-BD5DFAC8D579}.Release|Any CPU.Build.0 = Release|Any CPU
		{27C44415-3CD1-C35F-2DEA-A63A906CD7DC}.Debug|Any CPU.ActiveCfg = Debug|Any CPU
		{27C44415-3CD1-C35F-2DEA-A63A906CD7DC}.Debug|Any CPU.Build.0 = Debug|Any CPU
		{27C44415-3CD1-C35F-2DEA-A63A906CD7DC}.Release|Any CPU.ActiveCfg = Release|Any CPU
		{27C44415-3CD1-C35F-2DEA-A63A906CD7DC}.Release|Any CPU.Build.0 = Release|Any CPU
		{73201373-4DE5-3ABB-598E-7255F123E4A5}.Debug|Any CPU.ActiveCfg = Debug|Any CPU
		{73201373-4DE5-3ABB-598E-7255F123E4A5}.Debug|Any CPU.Build.0 = Debug|Any CPU
		{73201373-4DE5-3ABB-598E-7255F123E4A5}.Release|Any CPU.ActiveCfg = Release|Any CPU
		{73201373-4DE5-3ABB-598E-7255F123E4A5}.Release|Any CPU.Build.0 = Release|Any CPU
		{BAA9C39E-04E1-5334-8F64-840069FD1779}.Debug|Any CPU.ActiveCfg = Debug|Any CPU
		{BAA9C39E-04E1-5334-8F64-840069FD1779}.Debug|Any CPU.Build.0 = Debug|Any CPU
		{BAA9C39E-04E1-5334-8F64-840069FD1779}.Release|Any CPU.ActiveCfg = Release|Any CPU
		{BAA9C39E-04E1-5334-8F64-840069FD1779}.Release|Any CPU.Build.0 = Release|Any CPU
		{80305F64-8A18-F700-B431-97AA0C331719}.Debug|Any CPU.ActiveCfg = Debug|Any CPU
		{80305F64-8A18-F700-B431-97AA0C331719}.Debug|Any CPU.Build.0 = Debug|Any CPU
		{80305F64-8A18-F700-B431-97AA0C331719}.Release|Any CPU.ActiveCfg = Release|Any CPU
		{80305F64-8A18-F700-B431-97AA0C331719}.Release|Any CPU.Build.0 = Release|Any CPU
		{3ECC8D7C-A7D9-A925-4A9A-1F078E3EDC89}.Debug|Any CPU.ActiveCfg = Debug|Any CPU
		{3ECC8D7C-A7D9-A925-4A9A-1F078E3EDC89}.Debug|Any CPU.Build.0 = Debug|Any CPU
		{3ECC8D7C-A7D9-A925-4A9A-1F078E3EDC89}.Release|Any CPU.ActiveCfg = Release|Any CPU
		{3ECC8D7C-A7D9-A925-4A9A-1F078E3EDC89}.Release|Any CPU.Build.0 = Release|Any CPU
		{89144B83-04E2-9406-FA25-9489BBBE33BF}.Debug|Any CPU.ActiveCfg = Debug|Any CPU
		{89144B83-04E2-9406-FA25-9489BBBE33BF}.Debug|Any CPU.Build.0 = Debug|Any CPU
		{89144B83-04E2-9406-FA25-9489BBBE33BF}.Release|Any CPU.ActiveCfg = Release|Any CPU
		{89144B83-04E2-9406-FA25-9489BBBE33BF}.Release|Any CPU.Build.0 = Release|Any CPU
		{787CD476-06A5-E451-B689-C604CD69281D}.Debug|Any CPU.ActiveCfg = Debug|Any CPU
		{787CD476-06A5-E451-B689-C604CD69281D}.Debug|Any CPU.Build.0 = Debug|Any CPU
		{787CD476-06A5-E451-B689-C604CD69281D}.Release|Any CPU.ActiveCfg = Release|Any CPU
		{787CD476-06A5-E451-B689-C604CD69281D}.Release|Any CPU.Build.0 = Release|Any CPU
		{940AEAA8-FDA4-EE70-0EA8-40944EE6818D}.Debug|Any CPU.ActiveCfg = Debug|Any CPU
		{940AEAA8-FDA4-EE70-0EA8-40944EE6818D}.Debug|Any CPU.Build.0 = Debug|Any CPU
		{940AEAA8-FDA4-EE70-0EA8-40944EE6818D}.Release|Any CPU.ActiveCfg = Release|Any CPU
		{940AEAA8-FDA4-EE70-0EA8-40944EE6818D}.Release|Any CPU.Build.0 = Release|Any CPU
		{E3D0A2A4-C5CD-6653-C146-4B7128C82A57}.Debug|Any CPU.ActiveCfg = Debug|Any CPU
		{E3D0A2A4-C5CD-6653-C146-4B7128C82A57}.Debug|Any CPU.Build.0 = Debug|Any CPU
		{E3D0A2A4-C5CD-6653-C146-4B7128C82A57}.Release|Any CPU.ActiveCfg = Release|Any CPU
		{E3D0A2A4-C5CD-6653-C146-4B7128C82A57}.Release|Any CPU.Build.0 = Release|Any CPU
		{F1BCBB55-C0E8-E5BB-CAFA-3FBDA4B5ADD5}.Debug|Any CPU.ActiveCfg = Debug|Any CPU
		{F1BCBB55-C0E8-E5BB-CAFA-3FBDA4B5ADD5}.Debug|Any CPU.Build.0 = Debug|Any CPU
		{F1BCBB55-C0E8-E5BB-CAFA-3FBDA4B5ADD5}.Release|Any CPU.ActiveCfg = Release|Any CPU
		{F1BCBB55-C0E8-E5BB-CAFA-3FBDA4B5ADD5}.Release|Any CPU.Build.0 = Release|Any CPU
	EndGlobalSection
	GlobalSection(SolutionProperties) = preSolution
		HideSolutionNode = FALSE
	EndGlobalSection
EndGlobal
